
Microsoft Visual Studio Solution File, Format Version 12.00
# Visual Studio 15
VisualStudioVersion = 15.0.27703.2035
MinimumVisualStudioVersion = 10.0.40219.1
Project("{9A19103F-16F7-4668-BE54-9A1E7A4F7556}") = "BookProcessor.ConsoleApp", "BookProcessor.ConsoleApp\BookProcessor.ConsoleApp.csproj", "{22831A0E-336E-4047-8D57-FD56C1661D93}"
EndProject
Project("{9A19103F-16F7-4668-BE54-9A1E7A4F7556}") = "BookProcessor.Implementation", "BookProcessor.Implementation\BookProcessor.Implementation.csproj", "{90950EA7-9593-48A0-8C3B-AF1D1124E830}"
EndProject
Project("{FAE04EC0-301F-11D3-BF4B-00C04F79EFBC}") = "BookProcessor.Persistence", "BookProcessor.Persistence\BookProcessor.Persistence.csproj", "{CA54E55D-DE51-486A-9DD9-050C9AB3B452}"
EndProject
Project("{FAE04EC0-301F-11D3-BF4B-00C04F79EFBC}") = "BookProcessor.Interfaces", "BookProcessor.Interfaces\BookProcessor.Interfaces.csproj", "{86CCD2E3-74C2-448B-ABCD-BAF5123BC379}"
EndProject
Global
	GlobalSection(SolutionConfigurationPlatforms) = preSolution
		Debug|Any CPU = Debug|Any CPU
		Release|Any CPU = Release|Any CPU
	EndGlobalSection
	GlobalSection(ProjectConfigurationPlatforms) = postSolution
		{22831A0E-336E-4047-8D57-FD56C1661D93}.Debug|Any CPU.ActiveCfg = Debug|Any CPU
		{22831A0E-336E-4047-8D57-FD56C1661D93}.Debug|Any CPU.Build.0 = Debug|Any CPU
		{22831A0E-336E-4047-8D57-FD56C1661D93}.Release|Any CPU.ActiveCfg = Release|Any CPU
		{22831A0E-336E-4047-8D57-FD56C1661D93}.Release|Any CPU.Build.0 = Release|Any CPU
		{90950EA7-9593-48A0-8C3B-AF1D1124E830}.Debug|Any CPU.ActiveCfg = Debug|Any CPU
		{90950EA7-9593-48A0-8C3B-AF1D1124E830}.Debug|Any CPU.Build.0 = Debug|Any CPU
		{90950EA7-9593-48A0-8C3B-AF1D1124E830}.Release|Any CPU.ActiveCfg = Release|Any CPU
		{90950EA7-9593-48A0-8C3B-AF1D1124E830}.Release|Any CPU.Build.0 = Release|Any CPU
		{CA54E55D-DE51-486A-9DD9-050C9AB3B452}.Debug|Any CPU.ActiveCfg = Debug|Any CPU
		{CA54E55D-DE51-486A-9DD9-050C9AB3B452}.Debug|Any CPU.Build.0 = Debug|Any CPU
		{CA54E55D-DE51-486A-9DD9-050C9AB3B452}.Release|Any CPU.ActiveCfg = Release|Any CPU
		{CA54E55D-DE51-486A-9DD9-050C9AB3B452}.Release|Any CPU.Build.0 = Release|Any CPU
		{86CCD2E3-74C2-448B-ABCD-BAF5123BC379}.Debug|Any CPU.ActiveCfg = Debug|Any CPU
		{86CCD2E3-74C2-448B-ABCD-BAF5123BC379}.Debug|Any CPU.Build.0 = Debug|Any CPU
		{86CCD2E3-74C2-448B-ABCD-BAF5123BC379}.Release|Any CPU.ActiveCfg = Release|Any CPU
		{86CCD2E3-74C2-448B-ABCD-BAF5123BC379}.Release|Any CPU.Build.0 = Release|Any CPU
	EndGlobalSection
	GlobalSection(SolutionProperties) = preSolution
		HideSolutionNode = FALSE
	EndGlobalSection
	GlobalSection(ExtensibilityGlobals) = postSolution
		SolutionGuid = {66E0FE3A-1078-428D-B748-CF7AE3085E3E}
	EndGlobalSection
EndGlobal
